
Microsoft Visual Studio Solution File, Format Version 12.00
# Visual Studio Version 16
VisualStudioVersion = 16.0.32901.82
MinimumVisualStudioVersion = 10.0.40219.1
Project("{FAE04EC0-301F-11D3-BF4B-00C04F79EFBC}") = "final_real_estate3", "final_real_estate3\final_real_estate3.csproj", "{C470E72C-195E-4CC7-9947-D47AE353F673}"
EndProject
Global
	GlobalSection(SolutionConfigurationPlatforms) = preSolution
		Debug|Any CPU = Debug|Any CPU
		Release|Any CPU = Release|Any CPU
	EndGlobalSection
	GlobalSection(ProjectConfigurationPlatforms) = postSolution
		{C470E72C-195E-4CC7-9947-D47AE353F673}.Debug|Any CPU.ActiveCfg = Debug|Any CPU
		{C470E72C-195E-4CC7-9947-D47AE353F673}.Debug|Any CPU.Build.0 = Debug|Any CPU
		{C470E72C-195E-4CC7-9947-D47AE353F673}.Release|Any CPU.ActiveCfg = Release|Any CPU
		{C470E72C-195E-4CC7-9947-D47AE353F673}.Release|Any CPU.Build.0 = Release|Any CPU
	EndGlobalSection
	GlobalSection(SolutionProperties) = preSolution
		HideSolutionNode = FALSE
	EndGlobalSection
	GlobalSection(ExtensibilityGlobals) = postSolution
		SolutionGuid = {AC2F1622-CFB7-4504-8331-98F482207BB0}
	EndGlobalSection
EndGlobal
